github.com/benhoyt/goawk v1.31.0 h1:TSdLys1rAWvmb3befdmLYpaHZbTrYtS+JkBWRcNsMNM=
github.com/benhoyt/goawk v1.31.0/go.mod h1:jXTQxBxtQ0VsjFqc8dw7tIJj3SDzQN8kcdMq7r83/ZA=
github.com/creack/pty/v2 v2.0.1 h1:RDY1VY5b+7m2mfPsugucOYPIxMp+xal5ZheSyVzUA+k=
github.com/creack/pty/v2 v2.0.1/go.mod h1:2dSssKp3b86qYEMwA/FPwc3ff+kYpDdQI8osU8J7gxQ=
github.com/davecgh/go-spew v1.1.0/go.mod h1:J7Y8YcW2NihsgmVo/mv3lAwl/skON4iLHjSsI+c5H38=
github.com/pmezard/go-difflib v1.0.0/go.mod h1:iKH77koFhYxTK1pcRnkKkqfTogsbg7gZNVY4sRDYZ/4=
github.com/stretchr/objx v0.1.0/go.mod h1:HFkY916IF+rwdDfMAkV7OtwuqBVzrE8GR6GFx+wExME=
github.com/stretchr/testify v1.3.0/go.mod h1:M5WIy9Dh21IEIfnGCwXGc5bZfKNJtfHm1UVUgZn+9EI=
github.com/tonistiigi/vt100 v0.0.0-20240514184818-90bafcd6abab h1:H6aJ0yKQ0gF49Qb2z5hI1UHxSQt4JMyxebFR15KnApw=
github.com/tonistiigi/vt100 v0.0.0-20240514184818-90bafcd6abab/go.mod h1:ulncasL3N9uLrVann0m+CDlJKWsIAP34MPcOJF6VRvc=
golang.org/x/text v0.34.0 h1:oL/Qq0Kdaqxa1KbNeMKwQq0reLCCaFtqu2eNuSeNHbk=
golang.org/x/text v0.34.0/go.mod h1:homfLqTYRFyVYemLBFl5GgL/DWEiH5wcsQ5gSh1yziA=
